
Microsoft Visual Studio Solution File, Format Version 12.00
# Visual Studio Version 17
VisualStudioVersion = 17.7.34031.279
MinimumVisualStudioVersion = 10.0.40219.1
Project("{FAE04EC0-301F-11D3-BF4B-00C04F79EFBC}") = "1128", "1128\1128.csproj", "{D10DE604-72A3-4E14-86DE-47E1BCC536E1}"
EndProject
Global
	GlobalSection(SolutionConfigurationPlatforms) = preSolution
		Debug|Any CPU = Debug|Any CPU
		Release|Any CPU = Release|Any CPU
	EndGlobalSection
	GlobalSection(ProjectConfigurationPlatforms) = postSolution
		{D10DE604-72A3-4E14-86DE-47E1BCC536E1}.Debug|Any CPU.ActiveCfg = Debug|Any CPU
		{D10DE604-72A3-4E14-86DE-47E1BCC536E1}.Debug|Any CPU.Build.0 = Debug|Any CPU
		{D10DE604-72A3-4E14-86DE-47E1BCC536E1}.Release|Any CPU.ActiveCfg = Release|Any CPU
		{D10DE604-72A3-4E14-86DE-47E1BCC536E1}.Release|Any CPU.Build.0 = Release|Any CPU
	EndGlobalSection
	GlobalSection(SolutionProperties) = preSolution
		HideSolutionNode = FALSE
	EndGlobalSection
	GlobalSection(ExtensibilityGlobals) = postSolution
		SolutionGuid = {F1544D65-1366-4900-BC4B-B2AAB608FBF5}
	EndGlobalSection
EndGlobal
