
Microsoft Visual Studio Solution File, Format Version 12.00
# Visual Studio Version 17
VisualStudioVersion = 17.7.34031.279
MinimumVisualStudioVersion = 10.0.40219.1
Project("{FAE04EC0-301F-11D3-BF4B-00C04F79EFBC}") = "0116", "0116\0116.csproj", "{F47A7673-14F5-4BC4-BB0A-97A88099945F}"
EndProject
Global
	GlobalSection(SolutionConfigurationPlatforms) = preSolution
		Debug|Any CPU = Debug|Any CPU
		Release|Any CPU = Release|Any CPU
	EndGlobalSection
	GlobalSection(ProjectConfigurationPlatforms) = postSolution
		{F47A7673-14F5-4BC4-BB0A-97A88099945F}.Debug|Any CPU.ActiveCfg = Debug|Any CPU
		{F47A7673-14F5-4BC4-BB0A-97A88099945F}.Debug|Any CPU.Build.0 = Debug|Any CPU
		{F47A7673-14F5-4BC4-BB0A-97A88099945F}.Release|Any CPU.ActiveCfg = Release|Any CPU
		{F47A7673-14F5-4BC4-BB0A-97A88099945F}.Release|Any CPU.Build.0 = Release|Any CPU
	EndGlobalSection
	GlobalSection(SolutionProperties) = preSolution
		HideSolutionNode = FALSE
	EndGlobalSection
	GlobalSection(ExtensibilityGlobals) = postSolution
		SolutionGuid = {DA4684A3-F1D9-4BC2-B2A7-0988B10F5837}
	EndGlobalSection
EndGlobal
