
Microsoft Visual Studio Solution File, Format Version 12.00
# Visual Studio Version 17
VisualStudioVersion = 17.7.34031.279
MinimumVisualStudioVersion = 10.0.40219.1
Project("{FAE04EC0-301F-11D3-BF4B-00C04F79EFBC}") = "1121_2", "1121_2\1121_2.csproj", "{3153C229-75DD-4949-8CA6-5FA581CB8D3E}"
EndProject
Global
	GlobalSection(SolutionConfigurationPlatforms) = preSolution
		Debug|Any CPU = Debug|Any CPU
		Release|Any CPU = Release|Any CPU
	EndGlobalSection
	GlobalSection(ProjectConfigurationPlatforms) = postSolution
		{3153C229-75DD-4949-8CA6-5FA581CB8D3E}.Debug|Any CPU.ActiveCfg = Debug|Any CPU
		{3153C229-75DD-4949-8CA6-5FA581CB8D3E}.Debug|Any CPU.Build.0 = Debug|Any CPU
		{3153C229-75DD-4949-8CA6-5FA581CB8D3E}.Release|Any CPU.ActiveCfg = Release|Any CPU
		{3153C229-75DD-4949-8CA6-5FA581CB8D3E}.Release|Any CPU.Build.0 = Release|Any CPU
	EndGlobalSection
	GlobalSection(SolutionProperties) = preSolution
		HideSolutionNode = FALSE
	EndGlobalSection
	GlobalSection(ExtensibilityGlobals) = postSolution
		SolutionGuid = {3EDB80BA-4EC8-45D2-9823-86CBBEC801F4}
	EndGlobalSection
EndGlobal
